
Microsoft Visual Studio Solution File, Format Version 12.00
# Visual Studio Version 17
VisualStudioVersion = 17.4.33122.133
MinimumVisualStudioVersion = 10.0.40219.1
Project("{FAE04EC0-301F-11D3-BF4B-00C04F79EFBC}") = "ItAgency6", "ItAgency6.csproj", "{FB71EBCE-FF8C-491D-AFFF-B4A5D7D39DCE}"
EndProject
Global
	GlobalSection(SolutionConfigurationPlatforms) = preSolution
		Debug|Any CPU = Debug|Any CPU
		Release|Any CPU = Release|Any CPU
	EndGlobalSection
	GlobalSection(ProjectConfigurationPlatforms) = postSolution
		{FB71EBCE-FF8C-491D-AFFF-B4A5D7D39DCE}.Debug|Any CPU.ActiveCfg = Debug|Any CPU
		{FB71EBCE-FF8C-491D-AFFF-B4A5D7D39DCE}.Debug|Any CPU.Build.0 = Debug|Any CPU
		{FB71EBCE-FF8C-491D-AFFF-B4A5D7D39DCE}.Release|Any CPU.ActiveCfg = Release|Any CPU
		{FB71EBCE-FF8C-491D-AFFF-B4A5D7D39DCE}.Release|Any CPU.Build.0 = Release|Any CPU
	EndGlobalSection
	GlobalSection(SolutionProperties) = preSolution
		HideSolutionNode = FALSE
	EndGlobalSection
	GlobalSection(ExtensibilityGlobals) = postSolution
		SolutionGuid = {4370758E-1568-47D9-B885-2735EF77CB98}
	EndGlobalSection
EndGlobal
